
Microsoft Visual Studio Solution File, Format Version 12.00
# Visual Studio 14
VisualStudioVersion = 14.0.24720.0
MinimumVisualStudioVersion = 10.0.40219.1
Project("{FAE04EC0-301F-11D3-BF4B-00C04F79EFBC}") = "Infrastructure", "Infrastructure\Infrastructure.csproj", "{16B2590C-1513-4F24-B0FD-9501C1A42834}"
EndProject
Project("{FAE04EC0-301F-11D3-BF4B-00C04F79EFBC}") = "Core", "Core\Core.csproj", "{5F5B4955-3195-4E9B-B042-F20A880AE1A4}"
EndProject
Project("{FAE04EC0-301F-11D3-BF4B-00C04F79EFBC}") = "Tests", "Tests\Tests.csproj", "{608850C2-9869-4304-A53A-1288672DA76E}"
EndProject
Project("{FAE04EC0-301F-11D3-BF4B-00C04F79EFBC}") = "Playground", "Playground\Playground.csproj", "{3A865CF0-E645-4D1E-AE25-92389917A5AE}"
EndProject
Global
	GlobalSection(SolutionConfigurationPlatforms) = preSolution
		Debug|Any CPU = Debug|Any CPU
		Release|Any CPU = Release|Any CPU
	EndGlobalSection
	GlobalSection(ProjectConfigurationPlatforms) = postSolution
		{16B2590C-1513-4F24-B0FD-9501C1A42834}.Debug|Any CPU.ActiveCfg = Debug|Any CPU
		{16B2590C-1513-4F24-B0FD-9501C1A42834}.Debug|Any CPU.Build.0 = Debug|Any CPU
		{16B2590C-1513-4F24-B0FD-9501C1A42834}.Release|Any CPU.ActiveCfg = Release|Any CPU
		{16B2590C-1513-4F24-B0FD-9501C1A42834}.Release|Any CPU.Build.0 = Release|Any CPU
		{5F5B4955-3195-4E9B-B042-F20A880AE1A4}.Debug|Any CPU.ActiveCfg = Debug|Any CPU
		{5F5B4955-3195-4E9B-B042-F20A880AE1A4}.Debug|Any CPU.Build.0 = Debug|Any CPU
		{5F5B4955-3195-4E9B-B042-F20A880AE1A4}.Release|Any CPU.ActiveCfg = Release|Any CPU
		{5F5B4955-3195-4E9B-B042-F20A880AE1A4}.Release|Any CPU.Build.0 = Release|Any CPU
		{608850C2-9869-4304-A53A-1288672DA76E}.Debug|Any CPU.ActiveCfg = Debug|Any CPU
		{608850C2-9869-4304-A53A-1288672DA76E}.Debug|Any CPU.Build.0 = Debug|Any CPU
		{608850C2-9869-4304-A53A-1288672DA76E}.Release|Any CPU.ActiveCfg = Release|Any CPU
		{608850C2-9869-4304-A53A-1288672DA76E}.Release|Any CPU.Build.0 = Release|Any CPU
		{3A865CF0-E645-4D1E-AE25-92389917A5AE}.Debug|Any CPU.ActiveCfg = Debug|Any CPU
		{3A865CF0-E645-4D1E-AE25-92389917A5AE}.Debug|Any CPU.Build.0 = Debug|Any CPU
		{3A865CF0-E645-4D1E-AE25-92389917A5AE}.Release|Any CPU.ActiveCfg = Release|Any CPU
		{3A865CF0-E645-4D1E-AE25-92389917A5AE}.Release|Any CPU.Build.0 = Release|Any CPU
	EndGlobalSection
	GlobalSection(SolutionProperties) = preSolution
		HideSolutionNode = FALSE
	EndGlobalSection
EndGlobal
